
Microsoft Visual Studio Solution File, Format Version 12.00
# Visual Studio 15
VisualStudioVersion = 15.0.26430.16
MinimumVisualStudioVersion = 10.0.40219.1
Project("{FAE04EC0-301F-11D3-BF4B-00C04F79EFBC}") = "BackupManager", "BackupManager.csproj", "{5597B784-6CCD-4690-AAA9-60BAE27E3CDB}"
EndProject
Project("{FAE04EC0-301F-11D3-BF4B-00C04F79EFBC}") = "BackupService", "..\BackupService\BackupService.csproj", "{91BDF4DB-9EB6-4153-B433-4DDE08600043}"
EndProject
Project("{FAE04EC0-301F-11D3-BF4B-00C04F79EFBC}") = "BackupManagerWeb", "..\BackupManagerWeb\BackupManagerWeb.csproj", "{0130542C-2EA1-4CA9-994D-91CB8B9EA715}"
EndProject
Global
	GlobalSection(SolutionConfigurationPlatforms) = preSolution
		Debug|Any CPU = Debug|Any CPU
		Release|Any CPU = Release|Any CPU
	EndGlobalSection
	GlobalSection(ProjectConfigurationPlatforms) = postSolution
		{5597B784-6CCD-4690-AAA9-60BAE27E3CDB}.Debug|Any CPU.ActiveCfg = Debug|Any CPU
		{5597B784-6CCD-4690-AAA9-60BAE27E3CDB}.Debug|Any CPU.Build.0 = Debug|Any CPU
		{5597B784-6CCD-4690-AAA9-60BAE27E3CDB}.Release|Any CPU.ActiveCfg = Release|Any CPU
		{5597B784-6CCD-4690-AAA9-60BAE27E3CDB}.Release|Any CPU.Build.0 = Release|Any CPU
		{91BDF4DB-9EB6-4153-B433-4DDE08600043}.Debug|Any CPU.ActiveCfg = Debug|Any CPU
		{91BDF4DB-9EB6-4153-B433-4DDE08600043}.Debug|Any CPU.Build.0 = Debug|Any CPU
		{91BDF4DB-9EB6-4153-B433-4DDE08600043}.Release|Any CPU.ActiveCfg = Release|Any CPU
		{91BDF4DB-9EB6-4153-B433-4DDE08600043}.Release|Any CPU.Build.0 = Release|Any CPU
		{0130542C-2EA1-4CA9-994D-91CB8B9EA715}.Debug|Any CPU.ActiveCfg = Debug|Any CPU
		{0130542C-2EA1-4CA9-994D-91CB8B9EA715}.Debug|Any CPU.Build.0 = Debug|Any CPU
		{0130542C-2EA1-4CA9-994D-91CB8B9EA715}.Release|Any CPU.ActiveCfg = Release|Any CPU
		{0130542C-2EA1-4CA9-994D-91CB8B9EA715}.Release|Any CPU.Build.0 = Release|Any CPU
	EndGlobalSection
	GlobalSection(SolutionProperties) = preSolution
		HideSolutionNode = FALSE
	EndGlobalSection
EndGlobal
